
Microsoft Visual Studio Solution File, Format Version 12.00
# Visual Studio 14
VisualStudioVersion = 14.0.24720.0
MinimumVisualStudioVersion = 10.0.40219.1
Project("{FAE04EC0-301F-11D3-BF4B-00C04F79EFBC}") = "FluentConsole", "FluentConsole\FluentConsole.csproj", "{1581CF27-4610-4285-885F-DD51A7C80F09}"
EndProject
Project("{FAE04EC0-301F-11D3-BF4B-00C04F79EFBC}") = "TestConsole", "TestConsole\TestConsole.csproj", "{4755B593-92E1-4934-B1DD-6C9DF877809D}"
EndProject
Project("{FAE04EC0-301F-11D3-BF4B-00C04F79EFBC}") = "FluentConsole.Tests", "FluentConsole.Tests\FluentConsole.Tests.csproj", "{FAE85233-F5CF-487D-AD95-5407CEC3FF1E}"
EndProject
Global
	GlobalSection(SolutionConfigurationPlatforms) = preSolution
		Debug|Any CPU = Debug|Any CPU
		Release|Any CPU = Release|Any CPU
	EndGlobalSection
	GlobalSection(ProjectConfigurationPlatforms) = postSolution
		{1581CF27-4610-4285-885F-DD51A7C80F09}.Debug|Any CPU.ActiveCfg = Debug|Any CPU
		{1581CF27-4610-4285-885F-DD51A7C80F09}.Debug|Any CPU.Build.0 = Debug|Any CPU
		{1581CF27-4610-4285-885F-DD51A7C80F09}.Release|Any CPU.ActiveCfg = Release|Any CPU
		{1581CF27-4610-4285-885F-DD51A7C80F09}.Release|Any CPU.Build.0 = Release|Any CPU
		{4755B593-92E1-4934-B1DD-6C9DF877809D}.Debug|Any CPU.ActiveCfg = Debug|Any CPU
		{4755B593-92E1-4934-B1DD-6C9DF877809D}.Debug|Any CPU.Build.0 = Debug|Any CPU
		{4755B593-92E1-4934-B1DD-6C9DF877809D}.Release|Any CPU.ActiveCfg = Release|Any CPU
		{4755B593-92E1-4934-B1DD-6C9DF877809D}.Release|Any CPU.Build.0 = Release|Any CPU
		{FAE85233-F5CF-487D-AD95-5407CEC3FF1E}.Debug|Any CPU.ActiveCfg = Debug|Any CPU
		{FAE85233-F5CF-487D-AD95-5407CEC3FF1E}.Debug|Any CPU.Build.0 = Debug|Any CPU
		{FAE85233-F5CF-487D-AD95-5407CEC3FF1E}.Release|Any CPU.ActiveCfg = Release|Any CPU
		{FAE85233-F5CF-487D-AD95-5407CEC3FF1E}.Release|Any CPU.Build.0 = Release|Any CPU
	EndGlobalSection
	GlobalSection(SolutionProperties) = preSolution
		HideSolutionNode = FALSE
	EndGlobalSection
EndGlobal
