
Microsoft Visual Studio Solution File, Format Version 12.00
# Visual Studio 15
VisualStudioVersion = 15.0.27004.2005
MinimumVisualStudioVersion = 10.0.40219.1
Project("{FAE04EC0-301F-11D3-BF4B-00C04F79EFBC}") = "FluentConsole.Tests", "FluentConsole.Tests\FluentConsole.Tests.csproj", "{FAE85233-F5CF-487D-AD95-5407CEC3FF1E}"
EndProject
Project("{FAE04EC0-301F-11D3-BF4B-00C04F79EFBC}") = "FluentConsole", "FluentConsole\FluentConsole.csproj", "{87B226DB-1AFE-4D36-A3EA-504131431B80}"
EndProject
Project("{FAE04EC0-301F-11D3-BF4B-00C04F79EFBC}") = "FluentConsole.NetCore.Demo", "FluentConsole.NetCore.Demo\FluentConsole.NetCore.Demo.csproj", "{445731E5-519C-41D0-85D2-43ECD34DF2F0}"
EndProject
Project("{FAE04EC0-301F-11D3-BF4B-00C04F79EFBC}") = "FluentConsole.NetFramework.Demo", "FluentConsole.NetFramework.Demo\FluentConsole.NetFramework.Demo.csproj", "{4755B593-92E1-4934-B1DD-6C9DF877809D}"
EndProject
Global
	GlobalSection(SolutionConfigurationPlatforms) = preSolution
		Debug|Any CPU = Debug|Any CPU
		Release|Any CPU = Release|Any CPU
	EndGlobalSection
	GlobalSection(ProjectConfigurationPlatforms) = postSolution
		{FAE85233-F5CF-487D-AD95-5407CEC3FF1E}.Debug|Any CPU.ActiveCfg = Debug|Any CPU
		{FAE85233-F5CF-487D-AD95-5407CEC3FF1E}.Debug|Any CPU.Build.0 = Debug|Any CPU
		{FAE85233-F5CF-487D-AD95-5407CEC3FF1E}.Release|Any CPU.ActiveCfg = Release|Any CPU
		{FAE85233-F5CF-487D-AD95-5407CEC3FF1E}.Release|Any CPU.Build.0 = Release|Any CPU
		{87B226DB-1AFE-4D36-A3EA-504131431B80}.Debug|Any CPU.ActiveCfg = Debug|Any CPU
		{87B226DB-1AFE-4D36-A3EA-504131431B80}.Debug|Any CPU.Build.0 = Debug|Any CPU
		{87B226DB-1AFE-4D36-A3EA-504131431B80}.Release|Any CPU.ActiveCfg = Release|Any CPU
		{87B226DB-1AFE-4D36-A3EA-504131431B80}.Release|Any CPU.Build.0 = Release|Any CPU
		{445731E5-519C-41D0-85D2-43ECD34DF2F0}.Debug|Any CPU.ActiveCfg = Debug|Any CPU
		{445731E5-519C-41D0-85D2-43ECD34DF2F0}.Debug|Any CPU.Build.0 = Debug|Any CPU
		{445731E5-519C-41D0-85D2-43ECD34DF2F0}.Release|Any CPU.ActiveCfg = Release|Any CPU
		{445731E5-519C-41D0-85D2-43ECD34DF2F0}.Release|Any CPU.Build.0 = Release|Any CPU
		{4755B593-92E1-4934-B1DD-6C9DF877809D}.Debug|Any CPU.ActiveCfg = Debug|Any CPU
		{4755B593-92E1-4934-B1DD-6C9DF877809D}.Debug|Any CPU.Build.0 = Debug|Any CPU
		{4755B593-92E1-4934-B1DD-6C9DF877809D}.Release|Any CPU.ActiveCfg = Release|Any CPU
		{4755B593-92E1-4934-B1DD-6C9DF877809D}.Release|Any CPU.Build.0 = Release|Any CPU
	EndGlobalSection
	GlobalSection(SolutionProperties) = preSolution
		HideSolutionNode = FALSE
	EndGlobalSection
	GlobalSection(ExtensibilityGlobals) = postSolution
		SolutionGuid = {6C8DC808-947D-425A-8DED-A69113EAABA9}
	EndGlobalSection
EndGlobal
