
Microsoft Visual Studio Solution File, Format Version 12.00
# Visual Studio 15
VisualStudioVersion = 15.0.27130.2036
MinimumVisualStudioVersion = 10.0.40219.1
Project("{FAE04EC0-301F-11D3-BF4B-00C04F79EFBC}") = "FluentConsole.Library", "FluentConsole.Library\FluentConsole.Library.csproj", "{EF3B5037-BD9B-4542-89E9-5076624050C2}"
EndProject
Project("{FAE04EC0-301F-11D3-BF4B-00C04F79EFBC}") = "FluentConsole.Demo", "FluentConsole.Demo\FluentConsole.Demo.csproj", "{0B91FACB-3F60-4FD6-A7AE-2A43A5287551}"
EndProject
Project("{FAE04EC0-301F-11D3-BF4B-00C04F79EFBC}") = "FluentConsole.Tests", "FluentConsole.Tests\FluentConsole.Tests.csproj", "{24ACB693-A1FD-483C-9197-C7836247BDB7}"
EndProject
Global
	GlobalSection(SolutionConfigurationPlatforms) = preSolution
		Debug|Any CPU = Debug|Any CPU
		Release|Any CPU = Release|Any CPU
	EndGlobalSection
	GlobalSection(ProjectConfigurationPlatforms) = postSolution
		{EF3B5037-BD9B-4542-89E9-5076624050C2}.Debug|Any CPU.ActiveCfg = Debug|Any CPU
		{EF3B5037-BD9B-4542-89E9-5076624050C2}.Debug|Any CPU.Build.0 = Debug|Any CPU
		{EF3B5037-BD9B-4542-89E9-5076624050C2}.Release|Any CPU.ActiveCfg = Release|Any CPU
		{EF3B5037-BD9B-4542-89E9-5076624050C2}.Release|Any CPU.Build.0 = Release|Any CPU
		{0B91FACB-3F60-4FD6-A7AE-2A43A5287551}.Debug|Any CPU.ActiveCfg = Debug|Any CPU
		{0B91FACB-3F60-4FD6-A7AE-2A43A5287551}.Debug|Any CPU.Build.0 = Debug|Any CPU
		{0B91FACB-3F60-4FD6-A7AE-2A43A5287551}.Release|Any CPU.ActiveCfg = Release|Any CPU
		{0B91FACB-3F60-4FD6-A7AE-2A43A5287551}.Release|Any CPU.Build.0 = Release|Any CPU
		{24ACB693-A1FD-483C-9197-C7836247BDB7}.Debug|Any CPU.ActiveCfg = Debug|Any CPU
		{24ACB693-A1FD-483C-9197-C7836247BDB7}.Debug|Any CPU.Build.0 = Debug|Any CPU
		{24ACB693-A1FD-483C-9197-C7836247BDB7}.Release|Any CPU.ActiveCfg = Release|Any CPU
		{24ACB693-A1FD-483C-9197-C7836247BDB7}.Release|Any CPU.Build.0 = Release|Any CPU
	EndGlobalSection
	GlobalSection(SolutionProperties) = preSolution
		HideSolutionNode = FALSE
	EndGlobalSection
	GlobalSection(ExtensibilityGlobals) = postSolution
		SolutionGuid = {231D9CE5-9D16-4AA6-B58E-413EA8612D68}
	EndGlobalSection
EndGlobal
